
Microsoft Visual Studio Solution File, Format Version 12.00
# Visual Studio Version 16
VisualStudioVersion = 16.0.31112.23
MinimumVisualStudioVersion = 10.0.40219.1
Project("{FAE04EC0-301F-11D3-BF4B-00C04F79EFBC}") = "Stream.Core", "Stream.Core\Stream.Core.csproj", "{9FF7ADFF-DCA1-4B5A-8827-9A273F08A99C}"
EndProject
Project("{FAE04EC0-301F-11D3-BF4B-00C04F79EFBC}") = "Stream.Core.Tests", "Stream.Core.Tests\Stream.Core.Tests.csproj", "{4412448B-F820-4A61-9786-9C7711BCA600}"
EndProject
Global
	GlobalSection(SolutionConfigurationPlatforms) = preSolution
		Debug|Any CPU = Debug|Any CPU
		Release|Any CPU = Release|Any CPU
	EndGlobalSection
	GlobalSection(ProjectConfigurationPlatforms) = postSolution
		{9FF7ADFF-DCA1-4B5A-8827-9A273F08A99C}.Debug|Any CPU.ActiveCfg = Debug|Any CPU
		{9FF7ADFF-DCA1-4B5A-8827-9A273F08A99C}.Debug|Any CPU.Build.0 = Debug|Any CPU
		{9FF7ADFF-DCA1-4B5A-8827-9A273F08A99C}.Release|Any CPU.ActiveCfg = Release|Any CPU
		{9FF7ADFF-DCA1-4B5A-8827-9A273F08A99C}.Release|Any CPU.Build.0 = Release|Any CPU
		{4412448B-F820-4A61-9786-9C7711BCA600}.Debug|Any CPU.ActiveCfg = Debug|Any CPU
		{4412448B-F820-4A61-9786-9C7711BCA600}.Debug|Any CPU.Build.0 = Debug|Any CPU
		{4412448B-F820-4A61-9786-9C7711BCA600}.Release|Any CPU.ActiveCfg = Release|Any CPU
		{4412448B-F820-4A61-9786-9C7711BCA600}.Release|Any CPU.Build.0 = Release|Any CPU
	EndGlobalSection
	GlobalSection(SolutionProperties) = preSolution
		HideSolutionNode = FALSE
	EndGlobalSection
	GlobalSection(ExtensibilityGlobals) = postSolution
		SolutionGuid = {82BD18A6-906B-453C-BDF0-AC97E6364E52}
	EndGlobalSection
EndGlobal
